
Microsoft Visual Studio Solution File, Format Version 12.00
# Visual Studio Version 16
VisualStudioVersion = 16.0.30804.86
MinimumVisualStudioVersion = 15.0.26124.0
Project("{9A19103F-16F7-4668-BE54-9A1E7A4F7556}") = "BlazorSplitComponentDemo", "BlazorSplitComponentDemo\BlazorSplitComponentDemo.csproj", "{AAEB0B7A-170B-40DE-BEF9-C10EA71F707B}"
EndProject
Project("{FAE04EC0-301F-11D3-BF4B-00C04F79EFBC}") = "CounterComponent", "CounterComponent\CounterComponent.csproj", "{3A51EB94-AAD4-434E-A289-F2055747465A}"
EndProject
Global
	GlobalSection(SolutionConfigurationPlatforms) = preSolution
		Debug|Any CPU = Debug|Any CPU
		Debug|x64 = Debug|x64
		Debug|x86 = Debug|x86
		Release|Any CPU = Release|Any CPU
		Release|x64 = Release|x64
		Release|x86 = Release|x86
	EndGlobalSection
	GlobalSection(ProjectConfigurationPlatforms) = postSolution
		{AAEB0B7A-170B-40DE-BEF9-C10EA71F707B}.Debug|Any CPU.ActiveCfg = Debug|Any CPU
		{AAEB0B7A-170B-40DE-BEF9-C10EA71F707B}.Debug|Any CPU.Build.0 = Debug|Any CPU
		{AAEB0B7A-170B-40DE-BEF9-C10EA71F707B}.Debug|x64.ActiveCfg = Debug|Any CPU
		{AAEB0B7A-170B-40DE-BEF9-C10EA71F707B}.Debug|x64.Build.0 = Debug|Any CPU
		{AAEB0B7A-170B-40DE-BEF9-C10EA71F707B}.Debug|x86.ActiveCfg = Debug|Any CPU
		{AAEB0B7A-170B-40DE-BEF9-C10EA71F707B}.Debug|x86.Build.0 = Debug|Any CPU
		{AAEB0B7A-170B-40DE-BEF9-C10EA71F707B}.Release|Any CPU.ActiveCfg = Release|Any CPU
		{AAEB0B7A-170B-40DE-BEF9-C10EA71F707B}.Release|Any CPU.Build.0 = Release|Any CPU
		{AAEB0B7A-170B-40DE-BEF9-C10EA71F707B}.Release|x64.ActiveCfg = Release|Any CPU
		{AAEB0B7A-170B-40DE-BEF9-C10EA71F707B}.Release|x64.Build.0 = Release|Any CPU
		{AAEB0B7A-170B-40DE-BEF9-C10EA71F707B}.Release|x86.ActiveCfg = Release|Any CPU
		{AAEB0B7A-170B-40DE-BEF9-C10EA71F707B}.Release|x86.Build.0 = Release|Any CPU
		{3A51EB94-AAD4-434E-A289-F2055747465A}.Debug|Any CPU.ActiveCfg = Debug|Any CPU
		{3A51EB94-AAD4-434E-A289-F2055747465A}.Debug|Any CPU.Build.0 = Debug|Any CPU
		{3A51EB94-AAD4-434E-A289-F2055747465A}.Debug|x64.ActiveCfg = Debug|Any CPU
		{3A51EB94-AAD4-434E-A289-F2055747465A}.Debug|x64.Build.0 = Debug|Any CPU
		{3A51EB94-AAD4-434E-A289-F2055747465A}.Debug|x86.ActiveCfg = Debug|Any CPU
		{3A51EB94-AAD4-434E-A289-F2055747465A}.Debug|x86.Build.0 = Debug|Any CPU
		{3A51EB94-AAD4-434E-A289-F2055747465A}.Release|Any CPU.ActiveCfg = Release|Any CPU
		{3A51EB94-AAD4-434E-A289-F2055747465A}.Release|Any CPU.Build.0 = Release|Any CPU
		{3A51EB94-AAD4-434E-A289-F2055747465A}.Release|x64.ActiveCfg = Release|Any CPU
		{3A51EB94-AAD4-434E-A289-F2055747465A}.Release|x64.Build.0 = Release|Any CPU
		{3A51EB94-AAD4-434E-A289-F2055747465A}.Release|x86.ActiveCfg = Release|Any CPU
		{3A51EB94-AAD4-434E-A289-F2055747465A}.Release|x86.Build.0 = Release|Any CPU
	EndGlobalSection
	GlobalSection(SolutionProperties) = preSolution
		HideSolutionNode = FALSE
	EndGlobalSection
	GlobalSection(ExtensibilityGlobals) = postSolution
		SolutionGuid = {DF64FF31-A161-4C66-8CB0-87DB949BDFC5}
	EndGlobalSection
EndGlobal
